{
  "name": "mongodb",
  "version": "1.0.0",
  "lockfileVersion": 1,
  "requires": true,
  "dependencies": {
    "mongo-hacker": {
      "version": "0.0.15",
      "resolved": "https://registry.npmjs.org/mongo-hacker/-/mongo-hacker-0.0.15.tgz",
      "integrity": "sha1-08dlTmkRZslSgFqNr+S14aaMd8U="
    }
  }
}
